// !$*UTF8*$!
{
	archiveVersion = 1;
	classes = {
	};
	objectVersion = 56;
	objects = {

/* Begin PBXBuildFile section */
		0D0CAADC2B2C9B0F00A93E39 /* HotelViewModel.swift in Sources */ = {isa = PBXBuildFile; fileRef = 0D0CAADB2B2C9B0F00A93E39 /* HotelViewModel.swift */; };
		0D0CAADE2B2C9C5600A93E39 /* HotelModel.swift in Sources */ = {isa = PBXBuildFile; fileRef = 0D0CAADD2B2C9C5600A93E39 /* HotelModel.swift */; };
		0D0CAAE32B2CAA7600A93E39 /* Network.swift in Sources */ = {isa = PBXBuildFile; fileRef = 0D0CAAE22B2CAA7600A93E39 /* Network.swift */; };
		0D22471A2B30845F004B43C7 /* CustomTextField.swift in Sources */ = {isa = PBXBuildFile; fileRef = 0D2247192B30845F004B43C7 /* CustomTextField.swift */; };
		0D22471E2B30876E004B43C7 /* Tourist.swift in Sources */ = {isa = PBXBuildFile; fileRef = 0D22471D2B30876E004B43C7 /* Tourist.swift */; };
		0D2247202B3087F8004B43C7 /* TouristModel.swift in Sources */ = {isa = PBXBuildFile; fileRef = 0D22471F2B3087F8004B43C7 /* TouristModel.swift */; };
		0D2247222B30A993004B43C7 /* StringExtension.swift in Sources */ = {isa = PBXBuildFile; fileRef = 0D2247212B30A993004B43C7 /* StringExtension.swift */; };
		0D2247272B30C845004B43C7 /* Оплачено.swift in Sources */ = {isa = PBXBuildFile; fileRef = 0D2247262B30C845004B43C7 /* Оплачено.swift */; };
		0D6218D72B2EF1560014F3D8 /* Номер.swift in Sources */ = {isa = PBXBuildFile; fileRef = 0D6218D62B2EF1560014F3D8 /* Номер.swift */; };
		0D6218D92B2EF1670014F3D8 /* RoomsViewModel.swift in Sources */ = {isa = PBXBuildFile; fileRef = 0D6218D82B2EF1670014F3D8 /* RoomsViewModel.swift */; };
		0D6218DB2B2EF9750014F3D8 /* ImageScroll.swift in Sources */ = {isa = PBXBuildFile; fileRef = 0D6218DA2B2EF9750014F3D8 /* ImageScroll.swift */; };
		0D6218DE2B2EFB440014F3D8 /* GridAboutHotel.swift in Sources */ = {isa = PBXBuildFile; fileRef = 0D6218DD2B2EFB440014F3D8 /* GridAboutHotel.swift */; };
		0D73C4CC2B2CE73200096D7F /* RoomsModel.swift in Sources */ = {isa = PBXBuildFile; fileRef = 0D73C4CB2B2CE73200096D7F /* RoomsModel.swift */; };
		0D73C4CE2B2CFC2D00096D7F /* FrameExtension.swift in Sources */ = {isa = PBXBuildFile; fileRef = 0D73C4CD2B2CFC2D00096D7F /* FrameExtension.swift */; };
		0DC571FA2B2B6DBB0077F086 /* EffectTestApp.swift in Sources */ = {isa = PBXBuildFile; fileRef = 0DC571F92B2B6DBB0077F086 /* EffectTestApp.swift */; };
		0DC571FC2B2B6DBB0077F086 /* Отель.swift in Sources */ = {isa = PBXBuildFile; fileRef = 0DC571FB2B2B6DBB0077F086 /* Отель.swift */; };
		0DC571FE2B2B6DBC0077F086 /* Assets.xcassets in Resources */ = {isa = PBXBuildFile; fileRef = 0DC571FD2B2B6DBC0077F086 /* Assets.xcassets */; };
		0DC572012B2B6DBC0077F086 /* Preview Assets.xcassets in Resources */ = {isa = PBXBuildFile; fileRef = 0DC572002B2B6DBC0077F086 /* Preview Assets.xcassets */; };
		0DCD35982B2F0D640071D77F /* ReservationViewModel.swift in Sources */ = {isa = PBXBuildFile; fileRef = 0DCD35972B2F0D640071D77F /* ReservationViewModel.swift */; };
		0DCD359A2B2F0D6C0071D77F /* ReservationModel.swift in Sources */ = {isa = PBXBuildFile; fileRef = 0DCD35992B2F0D6C0071D77F /* ReservationModel.swift */; };
		0DCD359C2B2F0D760071D77F /* Бронирование.swift in Sources */ = {isa = PBXBuildFile; fileRef = 0DCD359B2B2F0D760071D77F /* Бронирование.swift */; };
		0DCD359E2B2F14430071D77F /* ViewProtocols.swift in Sources */ = {isa = PBXBuildFile; fileRef = 0DCD359D2B2F14430071D77F /* ViewProtocols.swift */; };
/* End PBXBuildFile section */

/* Begin PBXFileReference section */
		0D0CAADB2B2C9B0F00A93E39 /* HotelViewModel.swift */ = {isa = PBXFileReference; lastKnownFileType = sourcecode.swift; path = HotelViewModel.swift; sourceTree = "<group>"; };
		0D0CAADD2B2C9C5600A93E39 /* HotelModel.swift */ = {isa = PBXFileReference; lastKnownFileType = sourcecode.swift; path = HotelModel.swift; sourceTree = "<group>"; };
		0D0CAAE22B2CAA7600A93E39 /* Network.swift */ = {isa = PBXFileReference; lastKnownFileType = sourcecode.swift; path = Network.swift; sourceTree = "<group>"; };
		0D2247192B30845F004B43C7 /* CustomTextField.swift */ = {isa = PBXFileReference; lastKnownFileType = sourcecode.swift; path = CustomTextField.swift; sourceTree = "<group>"; };
		0D22471D2B30876E004B43C7 /* Tourist.swift */ = {isa = PBXFileReference; lastKnownFileType = sourcecode.swift; path = Tourist.swift; sourceTree = "<group>"; };
		0D22471F2B3087F8004B43C7 /* TouristModel.swift */ = {isa = PBXFileReference; lastKnownFileType = sourcecode.swift; path = TouristModel.swift; sourceTree = "<group>"; };
		0D2247212B30A993004B43C7 /* StringExtension.swift */ = {isa = PBXFileReference; lastKnownFileType = sourcecode.swift; path = StringExtension.swift; sourceTree = "<group>"; };
		0D2247262B30C845004B43C7 /* Оплачено.swift */ = {isa = PBXFileReference; lastKnownFileType = sourcecode.swift; path = "Оплачено.swift"; sourceTree = "<group>"; };
		0D6218D62B2EF1560014F3D8 /* Номер.swift */ = {isa = PBXFileReference; lastKnownFileType = sourcecode.swift; path = "Номер.swift"; sourceTree = "<group>"; };
		0D6218D82B2EF1670014F3D8 /* RoomsViewModel.swift */ = {isa = PBXFileReference; lastKnownFileType = sourcecode.swift; path = RoomsViewModel.swift; sourceTree = "<group>"; };
		0D6218DA2B2EF9750014F3D8 /* ImageScroll.swift */ = {isa = PBXFileReference; lastKnownFileType = sourcecode.swift; path = ImageScroll.swift; sourceTree = "<group>"; };
		0D6218DD2B2EFB440014F3D8 /* GridAboutHotel.swift */ = {isa = PBXFileReference; lastKnownFileType = sourcecode.swift; path = GridAboutHotel.swift; sourceTree = "<group>"; };
		0D73C4CB2B2CE73200096D7F /* RoomsModel.swift */ = {isa = PBXFileReference; lastKnownFileType = sourcecode.swift; path = RoomsModel.swift; sourceTree = "<group>"; };
		0D73C4CD2B2CFC2D00096D7F /* FrameExtension.swift */ = {isa = PBXFileReference; lastKnownFileType = sourcecode.swift; path = FrameExtension.swift; sourceTree = "<group>"; };
		0DC571F62B2B6DBB0077F086 /* EffectTest.app */ = {isa = PBXFileReference; explicitFileType = wrapper.application; includeInIndex = 0; path = EffectTest.app; sourceTree = BUILT_PRODUCTS_DIR; };
		0DC571F92B2B6DBB0077F086 /* EffectTestApp.swift */ = {isa = PBXFileReference; lastKnownFileType = sourcecode.swift; path = EffectTestApp.swift; sourceTree = "<group>"; };
		0DC571FB2B2B6DBB0077F086 /* Отель.swift */ = {isa = PBXFileReference; lastKnownFileType = sourcecode.swift; path = "Отель.swift"; sourceTree = "<group>"; };
		0DC571FD2B2B6DBC0077F086 /* Assets.xcassets */ = {isa = PBXFileReference; lastKnownFileType = folder.assetcatalog; path = Assets.xcassets; sourceTree = "<group>"; };
		0DC572002B2B6DBC0077F086 /* Preview Assets.xcassets */ = {isa = PBXFileReference; lastKnownFileType = folder.assetcatalog; path = "Preview Assets.xcassets"; sourceTree = "<group>"; };
		0DCD35972B2F0D640071D77F /* ReservationViewModel.swift */ = {isa = PBXFileReference; lastKnownFileType = sourcecode.swift; path = ReservationViewModel.swift; sourceTree = "<group>"; };
		0DCD35992B2F0D6C0071D77F /* ReservationModel.swift */ = {isa = PBXFileReference; lastKnownFileType = sourcecode.swift; path = ReservationModel.swift; sourceTree = "<group>"; };
		0DCD359B2B2F0D760071D77F /* Бронирование.swift */ = {isa = PBXFileReference; lastKnownFileType = sourcecode.swift; path = "Бронирование.swift"; sourceTree = "<group>"; };
		0DCD359D2B2F14430071D77F /* ViewProtocols.swift */ = {isa = PBXFileReference; lastKnownFileType = sourcecode.swift; path = ViewProtocols.swift; sourceTree = "<group>"; };
/* End PBXFileReference section */

/* Begin PBXFrameworksBuildPhase section */
		0DC571F32B2B6DBB0077F086 /* Frameworks */ = {
			isa = PBXFrameworksBuildPhase;
			buildActionMask = 2147483647;
			files = (
			);
			runOnlyForDeploymentPostprocessing = 0;
		};
/* End PBXFrameworksBuildPhase section */

/* Begin PBXGroup section */
		0D0CAAD82B2C9A5C00A93E39 /* Hotel Screen */ = {
			isa = PBXGroup;
			children = (
				0DC572092B2B6FC60077F086 /* View */,
				0DC572082B2B6F860077F086 /* ViewModel */,
				0DC572072B2B6F7E0077F086 /* Model */,
			);
			path = "Hotel Screen";
			sourceTree = "<group>";
		};
		0D0CAAD92B2C9A6600A93E39 /* Rooms Screen */ = {
			isa = PBXGroup;
			children = (
				0D73C4C72B2CE3A900096D7F /* View */,
				0D73C4C62B2CE3A200096D7F /* ViewModel */,
				0D73C4C52B2CE39E00096D7F /* Model */,
			);
			path = "Rooms Screen";
			sourceTree = "<group>";
		};
		0D0CAADA2B2C9A9B00A93E39 /* Reservation Screen */ = {
			isa = PBXGroup;
			children = (
				0D73C4CA2B2CE3B700096D7F /* View */,
				0D73C4C92B2CE3B200096D7F /* ViewModel */,
				0D73C4C82B2CE3AD00096D7F /* Model */,
			);
			path = "Reservation Screen";
			sourceTree = "<group>";
		};
		0D0CAAE02B2CAA5F00A93E39 /* Networking */ = {
			isa = PBXGroup;
			children = (
				0D0CAAE22B2CAA7600A93E39 /* Network.swift */,
			);
			path = Networking;
			sourceTree = "<group>";
		};
		0D0CAAE12B2CAA6500A93E39 /* Extensions */ = {
			isa = PBXGroup;
			children = (
				0D73C4CD2B2CFC2D00096D7F /* FrameExtension.swift */,
				0DCD359D2B2F14430071D77F /* ViewProtocols.swift */,
				0D2247212B30A993004B43C7 /* StringExtension.swift */,
			);
			path = Extensions;
			sourceTree = "<group>";
		};
		0D2247242B30C7FA004B43C7 /* Payed Screen */ = {
			isa = PBXGroup;
			children = (
				0D2247252B30C837004B43C7 /* View */,
			);
			path = "Payed Screen";
			sourceTree = "<group>";
		};
		0D2247252B30C837004B43C7 /* View */ = {
			isa = PBXGroup;
			children = (
				0D2247262B30C845004B43C7 /* Оплачено.swift */,
			);
			path = View;
			sourceTree = "<group>";
		};
		0D6218DC2B2EF98B0014F3D8 /* AdditionalView */ = {
			isa = PBXGroup;
			children = (
				0D6218DA2B2EF9750014F3D8 /* ImageScroll.swift */,
				0D2247192B30845F004B43C7 /* CustomTextField.swift */,
				0D6218DD2B2EFB440014F3D8 /* GridAboutHotel.swift */,
			);
			path = AdditionalView;
			sourceTree = "<group>";
		};
		0D73C4C52B2CE39E00096D7F /* Model */ = {
			isa = PBXGroup;
			children = (
				0D73C4CB2B2CE73200096D7F /* RoomsModel.swift */,
			);
			path = Model;
			sourceTree = "<group>";
		};
		0D73C4C62B2CE3A200096D7F /* ViewModel */ = {
			isa = PBXGroup;
			children = (
				0D6218D82B2EF1670014F3D8 /* RoomsViewModel.swift */,
			);
			path = ViewModel;
			sourceTree = "<group>";
		};
		0D73C4C72B2CE3A900096D7F /* View */ = {
			isa = PBXGroup;
			children = (
				0D6218D62B2EF1560014F3D8 /* Номер.swift */,
			);
			path = View;
			sourceTree = "<group>";
		};
		0D73C4C82B2CE3AD00096D7F /* Model */ = {
			isa = PBXGroup;
			children = (
				0DCD35992B2F0D6C0071D77F /* ReservationModel.swift */,
				0D22471F2B3087F8004B43C7 /* TouristModel.swift */,
			);
			path = Model;
			sourceTree = "<group>";
		};
		0D73C4C92B2CE3B200096D7F /* ViewModel */ = {
			isa = PBXGroup;
			children = (
				0DCD35972B2F0D640071D77F /* ReservationViewModel.swift */,
			);
			path = ViewModel;
			sourceTree = "<group>";
		};
		0D73C4CA2B2CE3B700096D7F /* View */ = {
			isa = PBXGroup;
			children = (
				0DCD359B2B2F0D760071D77F /* Бронирование.swift */,
				0D22471D2B30876E004B43C7 /* Tourist.swift */,
			);
			path = View;
			sourceTree = "<group>";
		};
		0DC571ED2B2B6DBB0077F086 = {
			isa = PBXGroup;
			children = (
				0DC571F82B2B6DBB0077F086 /* EffectTest */,
				0DC571F72B2B6DBB0077F086 /* Products */,
			);
			sourceTree = "<group>";
		};
		0DC571F72B2B6DBB0077F086 /* Products */ = {
			isa = PBXGroup;
			children = (
				0DC571F62B2B6DBB0077F086 /* EffectTest.app */,
			);
			name = Products;
			sourceTree = "<group>";
		};
		0DC571F82B2B6DBB0077F086 /* EffectTest */ = {
			isa = PBXGroup;
			children = (
				0DC571F92B2B6DBB0077F086 /* EffectTestApp.swift */,
				0D0CAAE02B2CAA5F00A93E39 /* Networking */,
				0D0CAAD82B2C9A5C00A93E39 /* Hotel Screen */,
				0D0CAAD92B2C9A6600A93E39 /* Rooms Screen */,
				0D0CAADA2B2C9A9B00A93E39 /* Reservation Screen */,
				0D2247242B30C7FA004B43C7 /* Payed Screen */,
				0D6218DC2B2EF98B0014F3D8 /* AdditionalView */,
				0D0CAAE12B2CAA6500A93E39 /* Extensions */,
				0DC571FF2B2B6DBC0077F086 /* Preview Content */,
			);
			path = EffectTest;
			sourceTree = "<group>";
		};
		0DC571FF2B2B6DBC0077F086 /* Preview Content */ = {
			isa = PBXGroup;
			children = (
				0DC572002B2B6DBC0077F086 /* Preview Assets.xcassets */,
				0DC571FD2B2B6DBC0077F086 /* Assets.xcassets */,
			);
			path = "Preview Content";
			sourceTree = "<group>";
		};
		0DC572072B2B6F7E0077F086 /* Model */ = {
			isa = PBXGroup;
			children = (
				0D0CAADD2B2C9C5600A93E39 /* HotelModel.swift */,
			);
			path = Model;
			sourceTree = "<group>";
		};
		0DC572082B2B6F860077F086 /* ViewModel */ = {
			isa = PBXGroup;
			children = (
				0D0CAADB2B2C9B0F00A93E39 /* HotelViewModel.swift */,
			);
			path = ViewModel;
			sourceTree = "<group>";
		};
		0DC572092B2B6FC60077F086 /* View */ = {
			isa = PBXGroup;
			children = (
				0DC571FB2B2B6DBB0077F086 /* Отель.swift */,
			);
			path = View;
			sourceTree = "<group>";
		};
/* End PBXGroup section */

/* Begin PBXNativeTarget section */
		0DC571F52B2B6DBB0077F086 /* EffectTest */ = {
			isa = PBXNativeTarget;
			buildConfigurationList = 0DC572042B2B6DBC0077F086 /* Build configuration list for PBXNativeTarget "EffectTest" */;
			buildPhases = (
				0DC571F22B2B6DBB0077F086 /* Sources */,
				0DC571F32B2B6DBB0077F086 /* Frameworks */,
				0DC571F42B2B6DBB0077F086 /* Resources */,
			);
			buildRules = (
			);
			dependencies = (
			);
			name = EffectTest;
			packageProductDependencies = (
			);
			productName = EffectTest;
			productReference = 0DC571F62B2B6DBB0077F086 /* EffectTest.app */;
			productType = "com.apple.product-type.application";
		};
/* End PBXNativeTarget section */

/* Begin PBXProject section */
		0DC571EE2B2B6DBB0077F086 /* Project object */ = {
			isa = PBXProject;
			attributes = {
				BuildIndependentTargetsInParallel = 1;
				LastSwiftUpdateCheck = 1510;
				LastUpgradeCheck = 1510;
				TargetAttributes = {
					0DC571F52B2B6DBB0077F086 = {
						CreatedOnToolsVersion = 15.1;
					};
				};
			};
			buildConfigurationList = 0DC571F12B2B6DBB0077F086 /* Build configuration list for PBXProject "EffectTest" */;
			compatibilityVersion = "Xcode 14.0";
			developmentRegion = en;
			hasScannedForEncodings = 0;
			knownRegions = (
				en,
				Base,
			);
			mainGroup = 0DC571ED2B2B6DBB0077F086;
			packageReferences = (
			);
			productRefGroup = 0DC571F72B2B6DBB0077F086 /* Products */;
			projectDirPath = "";
			projectRoot = "";
			targets = (
				0DC571F52B2B6DBB0077F086 /* EffectTest */,
			);
		};
/* End PBXProject section */

/* Begin PBXResourcesBuildPhase section */
		0DC571F42B2B6DBB0077F086 /* Resources */ = {
			isa = PBXResourcesBuildPhase;
			buildActionMask = 2147483647;
			files = (
				0DC572012B2B6DBC0077F086 /* Preview Assets.xcassets in Resources */,
				0DC571FE2B2B6DBC0077F086 /* Assets.xcassets in Resources */,
			);
			runOnlyForDeploymentPostprocessing = 0;
		};
/* End PBXResourcesBuildPhase section */

/* Begin PBXSourcesBuildPhase section */
		0DC571F22B2B6DBB0077F086 /* Sources */ = {
			isa = PBXSourcesBuildPhase;
			buildActionMask = 2147483647;
			files = (
				0D6218DB2B2EF9750014F3D8 /* ImageScroll.swift in Sources */,
				0D73C4CC2B2CE73200096D7F /* RoomsModel.swift in Sources */,
				0D0CAAE32B2CAA7600A93E39 /* Network.swift in Sources */,
				0D22471A2B30845F004B43C7 /* CustomTextField.swift in Sources */,
				0D22471E2B30876E004B43C7 /* Tourist.swift in Sources */,
				0DCD35982B2F0D640071D77F /* ReservationViewModel.swift in Sources */,
				0D6218D72B2EF1560014F3D8 /* Номер.swift in Sources */,
				0D2247222B30A993004B43C7 /* StringExtension.swift in Sources */,
				0DCD359C2B2F0D760071D77F /* Бронирование.swift in Sources */,
				0D0CAADE2B2C9C5600A93E39 /* HotelModel.swift in Sources */,
				0DCD359E2B2F14430071D77F /* ViewProtocols.swift in Sources */,
				0D6218DE2B2EFB440014F3D8 /* GridAboutHotel.swift in Sources */,
				0D73C4CE2B2CFC2D00096D7F /* FrameExtension.swift in Sources */,
				0D2247202B3087F8004B43C7 /* TouristModel.swift in Sources */,
				0DCD359A2B2F0D6C0071D77F /* ReservationModel.swift in Sources */,
				0DC571FC2B2B6DBB0077F086 /* Отель.swift in Sources */,
				0D2247272B30C845004B43C7 /* Оплачено.swift in Sources */,
				0DC571FA2B2B6DBB0077F086 /* EffectTestApp.swift in Sources */,
				0D0CAADC2B2C9B0F00A93E39 /* HotelViewModel.swift in Sources */,
				0D6218D92B2EF1670014F3D8 /* RoomsViewModel.swift in Sources */,
			);
			runOnlyForDeploymentPostprocessing = 0;
		};
/* End PBXSourcesBuildPhase section */

/* Begin XCBuildConfiguration section */
		0DC572022B2B6DBC0077F086 /* Debug */ = {
			isa = XCBuildConfiguration;
			buildSettings = {
				ALWAYS_SEARCH_USER_PATHS = NO;
				ASSETCATALOG_COMPILER_GENERATE_SWIFT_ASSET_SYMBOL_EXTENSIONS = YES;
				CLANG_ANALYZER_NONNULL = YES;
				CLANG_ANALYZER_NUMBER_OBJECT_CONVERSION = YES_AGGRESSIVE;
				CLANG_CXX_LANGUAGE_STANDARD = "gnu++20";
				CLANG_ENABLE_MODULES = YES;
				CLANG_ENABLE_OBJC_ARC = YES;
				CLANG_ENABLE_OBJC_WEAK = YES;
				CLANG_WARN_BLOCK_CAPTURE_AUTORELEASING = YES;
				CLANG_WARN_BOOL_CONVERSION = YES;
				CLANG_WARN_COMMA = YES;
				CLANG_WARN_CONSTANT_CONVERSION = YES;
				CLANG_WARN_DEPRECATED_OBJC_IMPLEMENTATIONS = YES;
				CLANG_WARN_DIRECT_OBJC_ISA_USAGE = YES_ERROR;
				CLANG_WARN_DOCUMENTATION_COMMENTS = YES;
				CLANG_WARN_EMPTY_BODY = YES;
				CLANG_WARN_ENUM_CONVERSION = YES;
				CLANG_WARN_INFINITE_RECURSION = YES;
				CLANG_WARN_INT_CONVERSION = YES;
				CLANG_WARN_NON_LITERAL_NULL_CONVERSION = YES;
				CLANG_WARN_OBJC_IMPLICIT_RETAIN_SELF = YES;
				CLANG_WARN_OBJC_LITERAL_CONVERSION = YES;
				CLANG_WARN_OBJC_ROOT_CLASS = YES_ERROR;
				CLANG_WARN_QUOTED_INCLUDE_IN_FRAMEWORK_HEADER = YES;
				CLANG_WARN_RANGE_LOOP_ANALYSIS = YES;
				CLANG_WARN_STRICT_PROTOTYPES = YES;
				CLANG_WARN_SUSPICIOUS_MOVE = YES;
				CLANG_WARN_UNGUARDED_AVAILABILITY = YES_AGGRESSIVE;
				CLANG_WARN_UNREACHABLE_CODE = YES;
				CLANG_WARN__DUPLICATE_METHOD_MATCH = YES;
				COPY_PHASE_STRIP = NO;
				DEBUG_INFORMATION_FORMAT = dwarf;
				ENABLE_STRICT_OBJC_MSGSEND = YES;
				ENABLE_TESTABILITY = YES;
				ENABLE_USER_SCRIPT_SANDBOXING = YES;
				GCC_C_LANGUAGE_STANDARD = gnu17;
				GCC_DYNAMIC_NO_PIC = NO;
				GCC_NO_COMMON_BLOCKS = YES;
				GCC_OPTIMIZATION_LEVEL = 0;
				GCC_PREPROCESSOR_DEFINITIONS = (
					"DEBUG=1",
					"$(inherited)",
				);
				GCC_WARN_64_TO_32_BIT_CONVERSION = YES;
				GCC_WARN_ABOUT_RETURN_TYPE = YES_ERROR;
				GCC_WARN_UNDECLARED_SELECTOR = YES;
				GCC_WARN_UNINITIALIZED_AUTOS = YES_AGGRESSIVE;
				GCC_WARN_UNUSED_FUNCTION = YES;
				GCC_WARN_UNUSED_VARIABLE = YES;
				IPHONEOS_DEPLOYMENT_TARGET = 17.2;
				LOCALIZATION_PREFERS_STRING_CATALOGS = YES;
				MTL_ENABLE_DEBUG_INFO = INCLUDE_SOURCE;
				MTL_FAST_MATH = YES;
				ONLY_ACTIVE_ARCH = YES;
				SDKROOT = iphoneos;
				SWIFT_ACTIVE_COMPILATION_CONDITIONS = "DEBUG $(inherited)";
				SWIFT_OPTIMIZATION_LEVEL = "-Onone";
			};
			name = Debug;
		};
		0DC572032B2B6DBC0077F086 /* Release */ = {
			isa = XCBuildConfiguration;
			buildSettings = {
				ALWAYS_SEARCH_USER_PATHS = NO;
				ASSETCATALOG_COMPILER_GENERATE_SWIFT_ASSET_SYMBOL_EXTENSIONS = YES;
				CLANG_ANALYZER_NONNULL = YES;
				CLANG_ANALYZER_NUMBER_OBJECT_CONVERSION = YES_AGGRESSIVE;
				CLANG_CXX_LANGUAGE_STANDARD = "gnu++20";
				CLANG_ENABLE_MODULES = YES;
				CLANG_ENABLE_OBJC_ARC = YES;
				CLANG_ENABLE_OBJC_WEAK = YES;
				CLANG_WARN_BLOCK_CAPTURE_AUTORELEASING = YES;
				CLANG_WARN_BOOL_CONVERSION = YES;
				CLANG_WARN_COMMA = YES;
				CLANG_WARN_CONSTANT_CONVERSION = YES;
				CLANG_WARN_DEPRECATED_OBJC_IMPLEMENTATIONS = YES;
				CLANG_WARN_DIRECT_OBJC_ISA_USAGE = YES_ERROR;
				CLANG_WARN_DOCUMENTATION_COMMENTS = YES;
				CLANG_WARN_EMPTY_BODY = YES;
				CLANG_WARN_ENUM_CONVERSION = YES;
				CLANG_WARN_INFINITE_RECURSION = YES;
				CLANG_WARN_INT_CONVERSION = YES;
				CLANG_WARN_NON_LITERAL_NULL_CONVERSION = YES;
				CLANG_WARN_OBJC_IMPLICIT_RETAIN_SELF = YES;
				CLANG_WARN_OBJC_LITERAL_CONVERSION = YES;
				CLANG_WARN_OBJC_ROOT_CLASS = YES_ERROR;
				CLANG_WARN_QUOTED_INCLUDE_IN_FRAMEWORK_HEADER = YES;
				CLANG_WARN_RANGE_LOOP_ANALYSIS = YES;
				CLANG_WARN_STRICT_PROTOTYPES = YES;
				CLANG_WARN_SUSPICIOUS_MOVE = YES;
				CLANG_WARN_UNGUARDED_AVAILABILITY = YES_AGGRESSIVE;
				CLANG_WARN_UNREACHABLE_CODE = YES;
				CLANG_WARN__DUPLICATE_METHOD_MATCH = YES;
				COPY_PHASE_STRIP = NO;
				DEBUG_INFORMATION_FORMAT = "dwarf-with-dsym";
				ENABLE_NS_ASSERTIONS = NO;
				ENABLE_STRICT_OBJC_MSGSEND = YES;
				ENABLE_USER_SCRIPT_SANDBOXING = YES;
				GCC_C_LANGUAGE_STANDARD = gnu17;
				GCC_NO_COMMON_BLOCKS = YES;
				GCC_WARN_64_TO_32_BIT_CONVERSION = YES;
				GCC_WARN_ABOUT_RETURN_TYPE = YES_ERROR;
				GCC_WARN_UNDECLARED_SELECTOR = YES;
				GCC_WARN_UNINITIALIZED_AUTOS = YES_AGGRESSIVE;
				GCC_WARN_UNUSED_FUNCTION = YES;
				GCC_WARN_UNUSED_VARIABLE = YES;
				IPHONEOS_DEPLOYMENT_TARGET = 17.2;
				LOCALIZATION_PREFERS_STRING_CATALOGS = YES;
				MTL_ENABLE_DEBUG_INFO = NO;
				MTL_FAST_MATH = YES;
				SDKROOT = iphoneos;
				SWIFT_COMPILATION_MODE = wholemodule;
				VALIDATE_PRODUCT = YES;
			};
			name = Release;
		};
		0DC572052B2B6DBC0077F086 /* Debug */ = {
			isa = XCBuildConfiguration;
			buildSettings = {
				ASSETCATALOG_COMPILER_APPICON_NAME = AppIcon;
				ASSETCATALOG_COMPILER_GLOBAL_ACCENT_COLOR_NAME = AccentColor;
				CODE_SIGN_STYLE = Automatic;
				CURRENT_PROJECT_VERSION = 1;
				DEVELOPMENT_ASSET_PATHS = "\"EffectTest/Preview Content\"";
				DEVELOPMENT_TEAM = 4QHK2U5ZRN;
				ENABLE_PREVIEWS = YES;
				GENERATE_INFOPLIST_FILE = YES;
				INFOPLIST_KEY_UIApplicationSceneManifest_Generation = YES;
				INFOPLIST_KEY_UIApplicationSupportsIndirectInputEvents = YES;
				INFOPLIST_KEY_UILaunchScreen_Generation = YES;
				INFOPLIST_KEY_UISupportedInterfaceOrientations = "UIInterfaceOrientationLandscapeLeft UIInterfaceOrientationLandscapeRight UIInterfaceOrientationPortrait";
				INFOPLIST_KEY_UISupportedInterfaceOrientations_iPad = "UIInterfaceOrientationLandscapeLeft UIInterfaceOrientationLandscapeRight UIInterfaceOrientationPortrait UIInterfaceOrientationPortraitUpsideDown";
				LD_RUNPATH_SEARCH_PATHS = (
					"$(inherited)",
					"@executable_path/Frameworks",
				);
				MARKETING_VERSION = 1.0;
				PRODUCT_BUNDLE_IDENTIFIER = com.georgechebakov.fheiw.EffectTest;
				PRODUCT_NAME = "$(TARGET_NAME)";
				SWIFT_EMIT_LOC_STRINGS = YES;
				SWIFT_VERSION = 5.0;
				TARGETED_DEVICE_FAMILY = "1,2";
			};
			name = Debug;
		};
		0DC572062B2B6DBC0077F086 /* Release */ = {
			isa = XCBuildConfiguration;
			buildSettings = {
				ASSETCATALOG_COMPILER_APPICON_NAME = AppIcon;
				ASSETCATALOG_COMPILER_GLOBAL_ACCENT_COLOR_NAME = AccentColor;
				CODE_SIGN_STYLE = Automatic;
				CURRENT_PROJECT_VERSION = 1;
				DEVELOPMENT_ASSET_PATHS = "\"EffectTest/Preview Content\"";
				DEVELOPMENT_TEAM = 4QHK2U5ZRN;
				ENABLE_PREVIEWS = YES;
				GENERATE_INFOPLIST_FILE = YES;
				INFOPLIST_KEY_UIApplicationSceneManifest_Generation = YES;
				INFOPLIST_KEY_UIApplicationSupportsIndirectInputEvents = YES;
				INFOPLIST_KEY_UILaunchScreen_Generation = YES;
				INFOPLIST_KEY_UISupportedInterfaceOrientations = "UIInterfaceOrientationLandscapeLeft UIInterfaceOrientationLandscapeRight UIInterfaceOrientationPortrait";
				INFOPLIST_KEY_UISupportedInterfaceOrientations_iPad = "UIInterfaceOrientationLandscapeLeft UIInterfaceOrientationLandscapeRight UIInterfaceOrientationPortrait UIInterfaceOrientationPortraitUpsideDown";
				LD_RUNPATH_SEARCH_PATHS = (
					"$(inherited)",
					"@executable_path/Frameworks",
				);
				MARKETING_VERSION = 1.0;
				PRODUCT_BUNDLE_IDENTIFIER = com.georgechebakov.fheiw.EffectTest;
				PRODUCT_NAME = "$(TARGET_NAME)";
				SWIFT_EMIT_LOC_STRINGS = YES;
				SWIFT_VERSION = 5.0;
				TARGETED_DEVICE_FAMILY = "1,2";
			};
			name = Release;
		};
/* End XCBuildConfiguration section */

/* Begin XCConfigurationList section */
		0DC571F12B2B6DBB0077F086 /* Build configuration list for PBXProject "EffectTest" */ = {
			isa = XCConfigurationList;
			buildConfigurations = (
				0DC572022B2B6DBC0077F086 /* Debug */,
				0DC572032B2B6DBC0077F086 /* Release */,
			);
			defaultConfigurationIsVisible = 0;
			defaultConfigurationName = Release;
		};
		0DC572042B2B6DBC0077F086 /* Build configuration list for PBXNativeTarget "EffectTest" */ = {
			isa = XCConfigurationList;
			buildConfigurations = (
				0DC572052B2B6DBC0077F086 /* Debug */,
				0DC572062B2B6DBC0077F086 /* Release */,
			);
			defaultConfigurationIsVisible = 0;
			defaultConfigurationName = Release;
		};
/* End XCConfigurationList section */
	};
	rootObject = 0DC571EE2B2B6DBB0077F086 /* Project object */;
}
